{
    "name": "jsbi-extension",
    "version": "1.0.0",
    "lockfileVersion": 2,
    "requires": true,
    "packages": {
        "": {
            "name": "jsbi-extension",
            "version": "1.0.0",
            "dependencies": {
                "jsbi": "^4.3.0"
            },
            "devDependencies": {
                "typescript": "^4.7.4"
            }
        },
        "../proto-structs": {
            "version": "1.0.0",
            "extraneous": true,
            "dependencies": {
                "long": "4.0.0",
                "protobufjs": "6.8.8"
            }
        },
        "node_modules/jsbi": {
            "version": "4.3.0",
            "resolved": "https://registry.npmjs.org/jsbi/-/jsbi-4.3.0.tgz",
            "integrity": "sha512-SnZNcinB4RIcnEyZqFPdGPVgrg2AcnykiBy0sHVJQKHYeaLUvi3Exj+iaPpLnFVkDPZIV4U0yvgC9/R4uEAZ9g=="
        },
        "node_modules/typescript": {
            "version": "4.7.4",
            "resolved": "https://registry.npmjs.org/typescript/-/typescript-4.7.4.tgz",
            "integrity": "sha512-C0WQT0gezHuw6AdY1M2jxUO83Rjf0HP7Sk1DtXj6j1EwkQNZrHAg2XPWlq62oqEhYvONq5pkC2Y9oPljWToLmQ==",
            "dev": true,
            "bin": {
                "tsc": "bin/tsc",
                "tsserver": "bin/tsserver"
            },
            "engines": {
                "node": ">=4.2.0"
            }
        }
    },
    "dependencies": {
        "jsbi": {
            "version": "4.3.0",
            "resolved": "https://registry.npmjs.org/jsbi/-/jsbi-4.3.0.tgz",
            "integrity": "sha512-SnZNcinB4RIcnEyZqFPdGPVgrg2AcnykiBy0sHVJQKHYeaLUvi3Exj+iaPpLnFVkDPZIV4U0yvgC9/R4uEAZ9g=="
        },
        "typescript": {
            "version": "4.7.4",
            "resolved": "https://registry.npmjs.org/typescript/-/typescript-4.7.4.tgz",
            "integrity": "sha512-C0WQT0gezHuw6AdY1M2jxUO83Rjf0HP7Sk1DtXj6j1EwkQNZrHAg2XPWlq62oqEhYvONq5pkC2Y9oPljWToLmQ==",
            "dev": true
        }
    }
}
